{
  "name": "my-coding-journey",
  "version": "1.0.0",
  "lockfileVersion": 1,
  "requires": true,
  "dependencies": {
    "semantic-ui-flag": {
      "version": "2.3.1",
      "resolved": "https://registry.npmjs.org/semantic-ui-flag/-/semantic-ui-flag-2.3.1.tgz",
      "integrity": "sha512-n6xh3Riflk0RJmoQbstTl7JU+++Hd8riAFRapdmuYcnFzEuNI3Hb10gH1P6ihMOWNbzDGqaldR4MQFot7q7xMw=="
    }
  }
}
